
Microsoft Visual Studio Solution File, Format Version 12.00
Project("{FAE04EC0-301F-11D3-BF4B-00C04F79EFBC}") = "00---TileCost-Calculator", "00---TileCost-Calculator.csproj", "{60008AEA-ECE7-4F07-AD13-E322DFFC426D}"
EndProject
Global
	GlobalSection(SolutionConfigurationPlatforms) = preSolution
		Debug|Any CPU = Debug|Any CPU
		Release|Any CPU = Release|Any CPU
	EndGlobalSection
	GlobalSection(ProjectConfigurationPlatforms) = postSolution
		{60008AEA-ECE7-4F07-AD13-E322DFFC426D}.Debug|Any CPU.ActiveCfg = Debug|Any CPU
		{60008AEA-ECE7-4F07-AD13-E322DFFC426D}.Debug|Any CPU.Build.0 = Debug|Any CPU
		{60008AEA-ECE7-4F07-AD13-E322DFFC426D}.Release|Any CPU.ActiveCfg = Release|Any CPU
		{60008AEA-ECE7-4F07-AD13-E322DFFC426D}.Release|Any CPU.Build.0 = Release|Any CPU
	EndGlobalSection
EndGlobal
